
Microsoft Visual Studio Solution File, Format Version 12.00
# Visual Studio 15
VisualStudioVersion = 15.0.27428.2043
MinimumVisualStudioVersion = 10.0.40219.1
Project("{FAE04EC0-301F-11D3-BF4B-00C04F79EFBC}") = "LMS", "LMS\LMS.csproj", "{11EDBD88-C0C9-48D8-836C-54C5F601A64E}"
EndProject
Global
	GlobalSection(SolutionConfigurationPlatforms) = preSolution
		Debug|Any CPU = Debug|Any CPU
		Release|Any CPU = Release|Any CPU
	EndGlobalSection
	GlobalSection(ProjectConfigurationPlatforms) = postSolution
		{11EDBD88-C0C9-48D8-836C-54C5F601A64E}.Debug|Any CPU.ActiveCfg = Debug|Any CPU
		{11EDBD88-C0C9-48D8-836C-54C5F601A64E}.Debug|Any CPU.Build.0 = Debug|Any CPU
		{11EDBD88-C0C9-48D8-836C-54C5F601A64E}.Release|Any CPU.ActiveCfg = Release|Any CPU
		{11EDBD88-C0C9-48D8-836C-54C5F601A64E}.Release|Any CPU.Build.0 = Release|Any CPU
	EndGlobalSection
	GlobalSection(SolutionProperties) = preSolution
		HideSolutionNode = FALSE
	EndGlobalSection
	GlobalSection(ExtensibilityGlobals) = postSolution
		SolutionGuid = {FB692480-04C6-4381-B037-E6D4E4CD2B25}
	EndGlobalSection
EndGlobal
